{
  "name": "trend_tractor",
  "version": "1.0.0",
  "lockfileVersion": 1,
  "requires": true,
  "dependencies": {
    "google-trends-api": {
      "version": "4.9.2",
      "resolved": "https://registry.npmjs.org/google-trends-api/-/google-trends-api-4.9.2.tgz",
      "integrity": "sha512-gjVSHCM8B7LyAAUpXb4B0/TfnmpwQ2z1w/mQ2bL0AKpr2j3gLS1j2YOnifpfsGJRxAGXB/NoC+nGwC5qSnZIiA=="
    },
    "jquery": {
      "version": "3.5.1",
      "resolved": "https://registry.npmjs.org/jquery/-/jquery-3.5.1.tgz",
      "integrity": "sha512-XwIBPqcMn57FxfT+Go5pzySnm4KWkT1Tv7gjrpT1srtf8Weynl6R273VJ5GjkRb51IzMp5nbaPjJXMWeju2MKg=="
    },
    "mkdirp": {
      "version": "1.0.4",
      "resolved": "https://registry.npmjs.org/mkdirp/-/mkdirp-1.0.4.tgz",
      "integrity": "sha512-vVqVZQyf3WLx2Shd0qJ9xuvqgAyKPLAiqITEtqW0oIUjzo3PePDd6fW9iFz30ef7Ysp/oiWqbhszeGWW2T6Gzw=="
    }
  }
}
